{
  "name": "miaoda-vite-react-app",
  "version": "1.0.0",
  "lockfileVersion": 3,
  "requires": true,
  "packages": {
    "": {
      "name": "miaoda-vite-react-app",
      "version": "1.0.0",
      "dependencies": {
        "@radix-ui/react-dialog": "^1.1.14",
        "@radix-ui/react-dropdown-menu": "^2.1.15",
        "@radix-ui/react-scroll-area": "^1.2.9",
        "@radix-ui/react-separator": "^1.1.8",
        "@radix-ui/react-slider": "^1.3.5",
        "@radix-ui/react-slot": "^1.2.3",
        "@radix-ui/react-tabs": "^1.1.12",
        "@radix-ui/react-tooltip": "^1.2.7",
        "@types/react": "^19.2.2",
        "@types/react-dom": "^19.2.2",
        "@vitejs/plugin-react": "^5.1.0",
        "class-variance-authority": "^0.7.1",
        "clsx": "^2.1.1",
        "cmdk": "^1.1.1",
        "cors": "^2.8.5",
        "dotenv": "^17.2.3",
        "echarts": "^6.0.0",
        "echarts-for-react": "^3.0.2",
        "express": "^5.1.0",
        "lucide-react": "^0.553.0",
        "p-retry": "^7.1.0",
        "react": "^19.2.8",
        "react-dom": "^19.2.8",
        "react-router-dom": "^7.18.3",
        "sonner": "^2.0.8",
        "tailwind-merge": "^3.3.1",
        "three": "^0.186.0",
        "vite": "^8.2.2",
        "webrtc-adapter": "^9.0.6"
      },
      "devDependencies": {
        "tailwindcss": "^4.3.3"
      }
    }
  }
}